// !$*UTF8*$!
{
	archiveVersion = 1;
	classes = {
	};
	objectVersion = 50;
	objects = {

/* Begin PBXBuildFile section */
		D250C70024E0D54C009BAD0A /* AppDetailHeaderView.swift in Sources */ = {isa = PBXBuildFile; fileRef = D250C6FF24E0D54C009BAD0A /* AppDetailHeaderView.swift */; };
		D250C70224E0D96A009BAD0A /* AppScreenshotsCell.swift in Sources */ = {isa = PBXBuildFile; fileRef = D250C70124E0D96A009BAD0A /* AppScreenshotsCell.swift */; };
		D250C70424E0E06C009BAD0A /* AppDescriptionCell.swift in Sources */ = {isa = PBXBuildFile; fileRef = D250C70324E0E06C009BAD0A /* AppDescriptionCell.swift */; };
		D250C70624E0E455009BAD0A /* AppNewFeatureCell.swift in Sources */ = {isa = PBXBuildFile; fileRef = D250C70524E0E455009BAD0A /* AppNewFeatureCell.swift */; };
		D250C70824E0E4D9009BAD0A /* AppInfoCell.swift in Sources */ = {isa = PBXBuildFile; fileRef = D250C70724E0E4D9009BAD0A /* AppInfoCell.swift */; };
		D2C97C7824DFA57400344691 /* SearchResultCell.swift in Sources */ = {isa = PBXBuildFile; fileRef = D2C97C7724DFA57400344691 /* SearchResultCell.swift */; };
		D2C97C7D24DFB90200344691 /* AppDetailVC.swift in Sources */ = {isa = PBXBuildFile; fileRef = D2C97C7C24DFB90200344691 /* AppDetailVC.swift */; };
		D2C97C8024DFBA9A00344691 /* StarRatingView.swift in Sources */ = {isa = PBXBuildFile; fileRef = D2C97C7F24DFBA9A00344691 /* StarRatingView.swift */; };
		D2D4F46724DE66F800E6D893 /* SearchVC.swift in Sources */ = {isa = PBXBuildFile; fileRef = D2D4F46624DE66F800E6D893 /* SearchVC.swift */; };
		D2FAEEA924DA3FC700F404A1 /* AppDelegate.swift in Sources */ = {isa = PBXBuildFile; fileRef = D2FAEEA824DA3FC700F404A1 /* AppDelegate.swift */; };
		D2FAEEAB24DA3FC700F404A1 /* SceneDelegate.swift in Sources */ = {isa = PBXBuildFile; fileRef = D2FAEEAA24DA3FC700F404A1 /* SceneDelegate.swift */; };
		D2FAEEB024DA3FC700F404A1 /* Main.storyboard in Resources */ = {isa = PBXBuildFile; fileRef = D2FAEEAE24DA3FC700F404A1 /* Main.storyboard */; };
		D2FAEEB224DA3FC700F404A1 /* Assets.xcassets in Resources */ = {isa = PBXBuildFile; fileRef = D2FAEEB124DA3FC700F404A1 /* Assets.xcassets */; };
		D2FAEEB524DA3FC700F404A1 /* LaunchScreen.storyboard in Resources */ = {isa = PBXBuildFile; fileRef = D2FAEEB324DA3FC700F404A1 /* LaunchScreen.storyboard */; };
/* End PBXBuildFile section */

/* Begin PBXFileReference section */
		D250C6FF24E0D54C009BAD0A /* AppDetailHeaderView.swift */ = {isa = PBXFileReference; lastKnownFileType = sourcecode.swift; path = AppDetailHeaderView.swift; sourceTree = "<group>"; };
		D250C70124E0D96A009BAD0A /* AppScreenshotsCell.swift */ = {isa = PBXFileReference; lastKnownFileType = sourcecode.swift; path = AppScreenshotsCell.swift; sourceTree = "<group>"; };
		D250C70324E0E06C009BAD0A /* AppDescriptionCell.swift */ = {isa = PBXFileReference; lastKnownFileType = sourcecode.swift; path = AppDescriptionCell.swift; sourceTree = "<group>"; };
		D250C70524E0E455009BAD0A /* AppNewFeatureCell.swift */ = {isa = PBXFileReference; lastKnownFileType = sourcecode.swift; path = AppNewFeatureCell.swift; sourceTree = "<group>"; };
		D250C70724E0E4D9009BAD0A /* AppInfoCell.swift */ = {isa = PBXFileReference; lastKnownFileType = sourcecode.swift; path = AppInfoCell.swift; sourceTree = "<group>"; };
		D2C97C7724DFA57400344691 /* SearchResultCell.swift */ = {isa = PBXFileReference; lastKnownFileType = sourcecode.swift; path = SearchResultCell.swift; sourceTree = "<group>"; };
		D2C97C7C24DFB90200344691 /* AppDetailVC.swift */ = {isa = PBXFileReference; lastKnownFileType = sourcecode.swift; path = AppDetailVC.swift; sourceTree = "<group>"; };
		D2C97C7F24DFBA9A00344691 /* StarRatingView.swift */ = {isa = PBXFileReference; lastKnownFileType = sourcecode.swift; path = StarRatingView.swift; sourceTree = "<group>"; };
		D2D4F46624DE66F800E6D893 /* SearchVC.swift */ = {isa = PBXFileReference; lastKnownFileType = sourcecode.swift; path = SearchVC.swift; sourceTree = "<group>"; };
		D2FAEEA524DA3FC700F404A1 /* AppStoreSearch.app */ = {isa = PBXFileReference; explicitFileType = wrapper.application; includeInIndex = 0; path = AppStoreSearch.app; sourceTree = BUILT_PRODUCTS_DIR; };
		D2FAEEA824DA3FC700F404A1 /* AppDelegate.swift */ = {isa = PBXFileReference; lastKnownFileType = sourcecode.swift; path = AppDelegate.swift; sourceTree = "<group>"; };
		D2FAEEAA24DA3FC700F404A1 /* SceneDelegate.swift */ = {isa = PBXFileReference; lastKnownFileType = sourcecode.swift; path = SceneDelegate.swift; sourceTree = "<group>"; };
		D2FAEEAF24DA3FC700F404A1 /* Base */ = {isa = PBXFileReference; lastKnownFileType = file.storyboard; name = Base; path = Base.lproj/Main.storyboard; sourceTree = "<group>"; };
		D2FAEEB124DA3FC700F404A1 /* Assets.xcassets */ = {isa = PBXFileReference; lastKnownFileType = folder.assetcatalog; path = Assets.xcassets; sourceTree = "<group>"; };
		D2FAEEB424DA3FC700F404A1 /* Base */ = {isa = PBXFileReference; lastKnownFileType = file.storyboard; name = Base; path = Base.lproj/LaunchScreen.storyboard; sourceTree = "<group>"; };
		D2FAEEB624DA3FC700F404A1 /* Info.plist */ = {isa = PBXFileReference; lastKnownFileType = text.plist.xml; path = Info.plist; sourceTree = "<group>"; };
/* End PBXFileReference section */

/* Begin PBXFrameworksBuildPhase section */
		D2FAEEA224DA3FC700F404A1 /* Frameworks */ = {
			isa = PBXFrameworksBuildPhase;
			buildActionMask = 2147483647;
			files = (
			);
			runOnlyForDeploymentPostprocessing = 0;
		};
/* End PBXFrameworksBuildPhase section */

/* Begin PBXGroup section */
		D263A9C424DD0E77005F578B /* Utill */ = {
			isa = PBXGroup;
			children = (
				D2C97C7E24DFBA9000344691 /* UI */,
			);
			path = Utill;
			sourceTree = "<group>";
		};
		D263A9C524DD0E80005F578B /* SupportingFiles */ = {
			isa = PBXGroup;
			children = (
				D2FAEEB624DA3FC700F404A1 /* Info.plist */,
				D2FAEEB124DA3FC700F404A1 /* Assets.xcassets */,
			);
			path = SupportingFiles;
			sourceTree = "<group>";
		};
		D263A9C624DD0E8C005F578B /* Storyboard */ = {
			isa = PBXGroup;
			children = (
				D2FAEEAE24DA3FC700F404A1 /* Main.storyboard */,
				D2FAEEB324DA3FC700F404A1 /* LaunchScreen.storyboard */,
			);
			path = Storyboard;
			sourceTree = "<group>";
		};
		D263A9C824DD0EBE005F578B /* View */ = {
			isa = PBXGroup;
			children = (
				D2D4F46524DE66EF00E6D893 /* Search */,
				D2C97C7B24DFB8CE00344691 /* Detail */,
			);
			path = View;
			sourceTree = "<group>";
		};
		D2C97C7B24DFB8CE00344691 /* Detail */ = {
			isa = PBXGroup;
			children = (
				D2C97C7C24DFB90200344691 /* AppDetailVC.swift */,
				D250C6FF24E0D54C009BAD0A /* AppDetailHeaderView.swift */,
				D250C70124E0D96A009BAD0A /* AppScreenshotsCell.swift */,
				D250C70324E0E06C009BAD0A /* AppDescriptionCell.swift */,
				D250C70524E0E455009BAD0A /* AppNewFeatureCell.swift */,
				D250C70724E0E4D9009BAD0A /* AppInfoCell.swift */,
			);
			path = Detail;
			sourceTree = "<group>";
		};
		D2C97C7E24DFBA9000344691 /* UI */ = {
			isa = PBXGroup;
			children = (
				D2C97C7F24DFBA9A00344691 /* StarRatingView.swift */,
			);
			path = UI;
			sourceTree = "<group>";
		};
		D2D4F46524DE66EF00E6D893 /* Search */ = {
			isa = PBXGroup;
			children = (
				D2D4F46624DE66F800E6D893 /* SearchVC.swift */,
				D2C97C7724DFA57400344691 /* SearchResultCell.swift */,
			);
			path = Search;
			sourceTree = "<group>";
		};
		D2FAEE9C24DA3FC700F404A1 = {
			isa = PBXGroup;
			children = (
				D2FAEEA724DA3FC700F404A1 /* AppStoreSearch */,
				D2FAEEA624DA3FC700F404A1 /* Products */,
			);
			sourceTree = "<group>";
		};
		D2FAEEA624DA3FC700F404A1 /* Products */ = {
			isa = PBXGroup;
			children = (
				D2FAEEA524DA3FC700F404A1 /* AppStoreSearch.app */,
			);
			name = Products;
			sourceTree = "<group>";
		};
		D2FAEEA724DA3FC700F404A1 /* AppStoreSearch */ = {
			isa = PBXGroup;
			children = (
				D2FAEEA824DA3FC700F404A1 /* AppDelegate.swift */,
				D2FAEEAA24DA3FC700F404A1 /* SceneDelegate.swift */,
				D263A9C824DD0EBE005F578B /* View */,
				D263A9C424DD0E77005F578B /* Utill */,
				D263A9C624DD0E8C005F578B /* Storyboard */,
				D263A9C524DD0E80005F578B /* SupportingFiles */,
			);
			path = AppStoreSearch;
			sourceTree = "<group>";
		};
/* End PBXGroup section */

/* Begin PBXNativeTarget section */
		D2FAEEA424DA3FC700F404A1 /* AppStoreSearch */ = {
			isa = PBXNativeTarget;
			buildConfigurationList = D2FAEEB924DA3FC700F404A1 /* Build configuration list for PBXNativeTarget "AppStoreSearch" */;
			buildPhases = (
				D2FAEEA124DA3FC700F404A1 /* Sources */,
				D2FAEEA224DA3FC700F404A1 /* Frameworks */,
				D2FAEEA324DA3FC700F404A1 /* Resources */,
			);
			buildRules = (
			);
			dependencies = (
			);
			name = AppStoreSearch;
			productName = AppStoreSearch;
			productReference = D2FAEEA524DA3FC700F404A1 /* AppStoreSearch.app */;
			productType = "com.apple.product-type.application";
		};
/* End PBXNativeTarget section */

/* Begin PBXProject section */
		D2FAEE9D24DA3FC700F404A1 /* Project object */ = {
			isa = PBXProject;
			attributes = {
				LastSwiftUpdateCheck = 1160;
				LastUpgradeCheck = 1160;
				ORGANIZATIONNAME = "김지우";
				TargetAttributes = {
					D2FAEEA424DA3FC700F404A1 = {
						CreatedOnToolsVersion = 11.6;
					};
				};
			};
			buildConfigurationList = D2FAEEA024DA3FC700F404A1 /* Build configuration list for PBXProject "AppStoreSearch" */;
			compatibilityVersion = "Xcode 9.3";
			developmentRegion = en;
			hasScannedForEncodings = 0;
			knownRegions = (
				en,
				Base,
			);
			mainGroup = D2FAEE9C24DA3FC700F404A1;
			productRefGroup = D2FAEEA624DA3FC700F404A1 /* Products */;
			projectDirPath = "";
			projectRoot = "";
			targets = (
				D2FAEEA424DA3FC700F404A1 /* AppStoreSearch */,
			);
		};
/* End PBXProject section */

/* Begin PBXResourcesBuildPhase section */
		D2FAEEA324DA3FC700F404A1 /* Resources */ = {
			isa = PBXResourcesBuildPhase;
			buildActionMask = 2147483647;
			files = (
				D2FAEEB524DA3FC700F404A1 /* LaunchScreen.storyboard in Resources */,
				D2FAEEB224DA3FC700F404A1 /* Assets.xcassets in Resources */,
				D2FAEEB024DA3FC700F404A1 /* Main.storyboard in Resources */,
			);
			runOnlyForDeploymentPostprocessing = 0;
		};
/* End PBXResourcesBuildPhase section */

/* Begin PBXSourcesBuildPhase section */
		D2FAEEA124DA3FC700F404A1 /* Sources */ = {
			isa = PBXSourcesBuildPhase;
			buildActionMask = 2147483647;
			files = (
				D2D4F46724DE66F800E6D893 /* SearchVC.swift in Sources */,
				D2C97C7D24DFB90200344691 /* AppDetailVC.swift in Sources */,
				D250C70424E0E06C009BAD0A /* AppDescriptionCell.swift in Sources */,
				D2FAEEA924DA3FC700F404A1 /* AppDelegate.swift in Sources */,
				D2FAEEAB24DA3FC700F404A1 /* SceneDelegate.swift in Sources */,
				D250C70624E0E455009BAD0A /* AppNewFeatureCell.swift in Sources */,
				D2C97C7824DFA57400344691 /* SearchResultCell.swift in Sources */,
				D250C70824E0E4D9009BAD0A /* AppInfoCell.swift in Sources */,
				D250C70224E0D96A009BAD0A /* AppScreenshotsCell.swift in Sources */,
				D2C97C8024DFBA9A00344691 /* StarRatingView.swift in Sources */,
				D250C70024E0D54C009BAD0A /* AppDetailHeaderView.swift in Sources */,
			);
			runOnlyForDeploymentPostprocessing = 0;
		};
/* End PBXSourcesBuildPhase section */

/* Begin PBXVariantGroup section */
		D2FAEEAE24DA3FC700F404A1 /* Main.storyboard */ = {
			isa = PBXVariantGroup;
			children = (
				D2FAEEAF24DA3FC700F404A1 /* Base */,
			);
			name = Main.storyboard;
			sourceTree = "<group>";
		};
		D2FAEEB324DA3FC700F404A1 /* LaunchScreen.storyboard */ = {
			isa = PBXVariantGroup;
			children = (
				D2FAEEB424DA3FC700F404A1 /* Base */,
			);
			name = LaunchScreen.storyboard;
			sourceTree = "<group>";
		};
/* End PBXVariantGroup section */

/* Begin XCBuildConfiguration section */
		D2FAEEB724DA3FC700F404A1 /* Debug */ = {
			isa = XCBuildConfiguration;
			buildSettings = {
				ALWAYS_SEARCH_USER_PATHS = NO;
				CLANG_ANALYZER_NONNULL = YES;
				CLANG_ANALYZER_NUMBER_OBJECT_CONVERSION = YES_AGGRESSIVE;
				CLANG_CXX_LANGUAGE_STANDARD = "gnu++14";
				CLANG_CXX_LIBRARY = "libc++";
				CLANG_ENABLE_MODULES = YES;
				CLANG_ENABLE_OBJC_ARC = YES;
				CLANG_ENABLE_OBJC_WEAK = YES;
				CLANG_WARN_BLOCK_CAPTURE_AUTORELEASING = YES;
				CLANG_WARN_BOOL_CONVERSION = YES;
				CLANG_WARN_COMMA = YES;
				CLANG_WARN_CONSTANT_CONVERSION = YES;
				CLANG_WARN_DEPRECATED_OBJC_IMPLEMENTATIONS = YES;
				CLANG_WARN_DIRECT_OBJC_ISA_USAGE = YES_ERROR;
				CLANG_WARN_DOCUMENTATION_COMMENTS = YES;
				CLANG_WARN_EMPTY_BODY = YES;
				CLANG_WARN_ENUM_CONVERSION = YES;
				CLANG_WARN_INFINITE_RECURSION = YES;
				CLANG_WARN_INT_CONVERSION = YES;
				CLANG_WARN_NON_LITERAL_NULL_CONVERSION = YES;
				CLANG_WARN_OBJC_IMPLICIT_RETAIN_SELF = YES;
				CLANG_WARN_OBJC_LITERAL_CONVERSION = YES;
				CLANG_WARN_OBJC_ROOT_CLASS = YES_ERROR;
				CLANG_WARN_RANGE_LOOP_ANALYSIS = YES;
				CLANG_WARN_STRICT_PROTOTYPES = YES;
				CLANG_WARN_SUSPICIOUS_MOVE = YES;
				CLANG_WARN_UNGUARDED_AVAILABILITY = YES_AGGRESSIVE;
				CLANG_WARN_UNREACHABLE_CODE = YES;
				CLANG_WARN__DUPLICATE_METHOD_MATCH = YES;
				COPY_PHASE_STRIP = NO;
				DEBUG_INFORMATION_FORMAT = dwarf;
				ENABLE_STRICT_OBJC_MSGSEND = YES;
				ENABLE_TESTABILITY = YES;
				GCC_C_LANGUAGE_STANDARD = gnu11;
				GCC_DYNAMIC_NO_PIC = NO;
				GCC_NO_COMMON_BLOCKS = YES;
				GCC_OPTIMIZATION_LEVEL = 0;
				GCC_PREPROCESSOR_DEFINITIONS = (
					"DEBUG=1",
					"$(inherited)",
				);
				GCC_WARN_64_TO_32_BIT_CONVERSION = YES;
				GCC_WARN_ABOUT_RETURN_TYPE = YES_ERROR;
				GCC_WARN_UNDECLARED_SELECTOR = YES;
				GCC_WARN_UNINITIALIZED_AUTOS = YES_AGGRESSIVE;
				GCC_WARN_UNUSED_FUNCTION = YES;
				GCC_WARN_UNUSED_VARIABLE = YES;
				IPHONEOS_DEPLOYMENT_TARGET = 13.6;
				MTL_ENABLE_DEBUG_INFO = INCLUDE_SOURCE;
				MTL_FAST_MATH = YES;
				ONLY_ACTIVE_ARCH = YES;
				SDKROOT = iphoneos;
				SWIFT_ACTIVE_COMPILATION_CONDITIONS = DEBUG;
				SWIFT_OPTIMIZATION_LEVEL = "-Onone";
			};
			name = Debug;
		};
		D2FAEEB824DA3FC700F404A1 /* Release */ = {
			isa = XCBuildConfiguration;
			buildSettings = {
				ALWAYS_SEARCH_USER_PATHS = NO;
				CLANG_ANALYZER_NONNULL = YES;
				CLANG_ANALYZER_NUMBER_OBJECT_CONVERSION = YES_AGGRESSIVE;
				CLANG_CXX_LANGUAGE_STANDARD = "gnu++14";
				CLANG_CXX_LIBRARY = "libc++";
				CLANG_ENABLE_MODULES = YES;
				CLANG_ENABLE_OBJC_ARC = YES;
				CLANG_ENABLE_OBJC_WEAK = YES;
				CLANG_WARN_BLOCK_CAPTURE_AUTORELEASING = YES;
				CLANG_WARN_BOOL_CONVERSION = YES;
				CLANG_WARN_COMMA = YES;
				CLANG_WARN_CONSTANT_CONVERSION = YES;
				CLANG_WARN_DEPRECATED_OBJC_IMPLEMENTATIONS = YES;
				CLANG_WARN_DIRECT_OBJC_ISA_USAGE = YES_ERROR;
				CLANG_WARN_DOCUMENTATION_COMMENTS = YES;
				CLANG_WARN_EMPTY_BODY = YES;
				CLANG_WARN_ENUM_CONVERSION = YES;
				CLANG_WARN_INFINITE_RECURSION = YES;
				CLANG_WARN_INT_CONVERSION = YES;
				CLANG_WARN_NON_LITERAL_NULL_CONVERSION = YES;
				CLANG_WARN_OBJC_IMPLICIT_RETAIN_SELF = YES;
				CLANG_WARN_OBJC_LITERAL_CONVERSION = YES;
				CLANG_WARN_OBJC_ROOT_CLASS = YES_ERROR;
				CLANG_WARN_RANGE_LOOP_ANALYSIS = YES;
				CLANG_WARN_STRICT_PROTOTYPES = YES;
				CLANG_WARN_SUSPICIOUS_MOVE = YES;
				CLANG_WARN_UNGUARDED_AVAILABILITY = YES_AGGRESSIVE;
				CLANG_WARN_UNREACHABLE_CODE = YES;
				CLANG_WARN__DUPLICATE_METHOD_MATCH = YES;
				COPY_PHASE_STRIP = NO;
				DEBUG_INFORMATION_FORMAT = "dwarf-with-dsym";
				ENABLE_NS_ASSERTIONS = NO;
				ENABLE_STRICT_OBJC_MSGSEND = YES;
				GCC_C_LANGUAGE_STANDARD = gnu11;
				GCC_NO_COMMON_BLOCKS = YES;
				GCC_WARN_64_TO_32_BIT_CONVERSION = YES;
				GCC_WARN_ABOUT_RETURN_TYPE = YES_ERROR;
				GCC_WARN_UNDECLARED_SELECTOR = YES;
				GCC_WARN_UNINITIALIZED_AUTOS = YES_AGGRESSIVE;
				GCC_WARN_UNUSED_FUNCTION = YES;
				GCC_WARN_UNUSED_VARIABLE = YES;
				IPHONEOS_DEPLOYMENT_TARGET = 13.6;
				MTL_ENABLE_DEBUG_INFO = NO;
				MTL_FAST_MATH = YES;
				SDKROOT = iphoneos;
				SWIFT_COMPILATION_MODE = wholemodule;
				SWIFT_OPTIMIZATION_LEVEL = "-O";
				VALIDATE_PRODUCT = YES;
			};
			name = Release;
		};
		D2FAEEBA24DA3FC700F404A1 /* Debug */ = {
			isa = XCBuildConfiguration;
			buildSettings = {
				ASSETCATALOG_COMPILER_APPICON_NAME = AppIcon;
				CODE_SIGN_STYLE = Automatic;
				DEVELOPMENT_TEAM = SQ839AG54C;
				INFOPLIST_FILE = "$(SRCROOT)/AppStoreSearch/SupportingFiles/Info.plist";
				LD_RUNPATH_SEARCH_PATHS = (
					"$(inherited)",
					"@executable_path/Frameworks",
				);
				PRODUCT_BUNDLE_IDENTIFIER = havetherain.AppStoreSearch;
				PRODUCT_NAME = "$(TARGET_NAME)";
				SWIFT_VERSION = 5.0;
				TARGETED_DEVICE_FAMILY = "1,2";
			};
			name = Debug;
		};
		D2FAEEBB24DA3FC700F404A1 /* Release */ = {
			isa = XCBuildConfiguration;
			buildSettings = {
				ASSETCATALOG_COMPILER_APPICON_NAME = AppIcon;
				CODE_SIGN_STYLE = Automatic;
				DEVELOPMENT_TEAM = SQ839AG54C;
				INFOPLIST_FILE = "$(SRCROOT)/AppStoreSearch/SupportingFiles/Info.plist";
				LD_RUNPATH_SEARCH_PATHS = (
					"$(inherited)",
					"@executable_path/Frameworks",
				);
				PRODUCT_BUNDLE_IDENTIFIER = havetherain.AppStoreSearch;
				PRODUCT_NAME = "$(TARGET_NAME)";
				SWIFT_VERSION = 5.0;
				TARGETED_DEVICE_FAMILY = "1,2";
			};
			name = Release;
		};
/* End XCBuildConfiguration section */

/* Begin XCConfigurationList section */
		D2FAEEA024DA3FC700F404A1 /* Build configuration list for PBXProject "AppStoreSearch" */ = {
			isa = XCConfigurationList;
			buildConfigurations = (
				D2FAEEB724DA3FC700F404A1 /* Debug */,
				D2FAEEB824DA3FC700F404A1 /* Release */,
			);
			defaultConfigurationIsVisible = 0;
			defaultConfigurationName = Release;
		};
		D2FAEEB924DA3FC700F404A1 /* Build configuration list for PBXNativeTarget "AppStoreSearch" */ = {
			isa = XCConfigurationList;
			buildConfigurations = (
				D2FAEEBA24DA3FC700F404A1 /* Debug */,
				D2FAEEBB24DA3FC700F404A1 /* Release */,
			);
			defaultConfigurationIsVisible = 0;
			defaultConfigurationName = Release;
		};
/* End XCConfigurationList section */
	};
	rootObject = D2FAEE9D24DA3FC700F404A1 /* Project object */;
}
